
Microsoft Visual Studio Solution File, Format Version 12.00
# Visual Studio 14
VisualStudioVersion = 14.0.23107.0
MinimumVisualStudioVersion = 10.0.40219.1
Project("{8BC9CEB8-8B4A-11D0-8D11-00A0C91BC942}") = "Engine", "Engine\Engine.vcxproj", "{8D84AB1A-763C-4C5B-B455-21F2AFBF0357}"
EndProject
Project("{2150E333-8FDC-42A3-9474-1A3956D46DE8}") = "Solution Items", "Solution Items", "{45825C74-30CA-46F1-AB19-ADEFB0A3DD3A}"
EndProject
Project("{8BC9CEB8-8B4A-11D0-8D11-00A0C91BC942}") = "EngineScene3", "EngineScene3\EngineScene3.vcxproj", "{B3ACD73F-0980-401E-9741-59075FB033A8}"
EndProject
Project("{8BC9CEB8-8B4A-11D0-8D11-00A0C91BC942}") = "DirectXTK_Desktop_2015", "DirectXTK\DirectXTK_Desktop_2015.vcxproj", "{E0B52AE7-E160-4D32-BF3F-910B785E5A8E}"
EndProject
Global
	GlobalSection(SolutionConfigurationPlatforms) = preSolution
		Debug|Win32 = Debug|Win32
		Debug|x64 = Debug|x64
		Release|Win32 = Release|Win32
		Release|x64 = Release|x64
	EndGlobalSection
	GlobalSection(ProjectConfigurationPlatforms) = postSolution
		{8D84AB1A-763C-4C5B-B455-21F2AFBF0357}.Debug|Win32.ActiveCfg = Debug|Win32
		{8D84AB1A-763C-4C5B-B455-21F2AFBF0357}.Debug|Win32.Build.0 = Debug|Win32
		{8D84AB1A-763C-4C5B-B455-21F2AFBF0357}.Debug|x64.ActiveCfg = Debug|Win32
		{8D84AB1A-763C-4C5B-B455-21F2AFBF0357}.Release|Win32.ActiveCfg = Release|Win32
		{8D84AB1A-763C-4C5B-B455-21F2AFBF0357}.Release|Win32.Build.0 = Release|Win32
		{8D84AB1A-763C-4C5B-B455-21F2AFBF0357}.Release|x64.ActiveCfg = Release|Win32
		{B3ACD73F-0980-401E-9741-59075FB033A8}.Debug|Win32.ActiveCfg = Debug|Win32
		{B3ACD73F-0980-401E-9741-59075FB033A8}.Debug|Win32.Build.0 = Debug|Win32
		{B3ACD73F-0980-401E-9741-59075FB033A8}.Debug|x64.ActiveCfg = Debug|Win32
		{B3ACD73F-0980-401E-9741-59075FB033A8}.Release|Win32.ActiveCfg = Release|Win32
		{B3ACD73F-0980-401E-9741-59075FB033A8}.Release|Win32.Build.0 = Release|Win32
		{B3ACD73F-0980-401E-9741-59075FB033A8}.Release|x64.ActiveCfg = Release|Win32
		{E0B52AE7-E160-4D32-BF3F-910B785E5A8E}.Debug|Win32.ActiveCfg = Debug|Win32
		{E0B52AE7-E160-4D32-BF3F-910B785E5A8E}.Debug|Win32.Build.0 = Debug|Win32
		{E0B52AE7-E160-4D32-BF3F-910B785E5A8E}.Debug|x64.ActiveCfg = Debug|x64
		{E0B52AE7-E160-4D32-BF3F-910B785E5A8E}.Debug|x64.Build.0 = Debug|x64
		{E0B52AE7-E160-4D32-BF3F-910B785E5A8E}.Release|Win32.ActiveCfg = Release|Win32
		{E0B52AE7-E160-4D32-BF3F-910B785E5A8E}.Release|Win32.Build.0 = Release|Win32
		{E0B52AE7-E160-4D32-BF3F-910B785E5A8E}.Release|x64.ActiveCfg = Release|x64
		{E0B52AE7-E160-4D32-BF3F-910B785E5A8E}.Release|x64.Build.0 = Release|x64
	EndGlobalSection
	GlobalSection(SolutionProperties) = preSolution
		HideSolutionNode = FALSE
	EndGlobalSection
EndGlobal
